
Microsoft Visual Studio Solution File, Format Version 11.00
# Visual Studio 2010
Project("{8BC9CEB8-8B4A-11D0-8D11-00A0C91BC942}") = "tutorial03", "tutorial03\tutorial03.vcxproj", "{62089AC9-7142-4524-95D0-D9C274FFFAC4}"
EndProject
Global
	GlobalSection(SolutionConfigurationPlatforms) = preSolution
		Debug|Win32 = Debug|Win32
		Release|Win32 = Release|Win32
	EndGlobalSection
	GlobalSection(ProjectConfigurationPlatforms) = postSolution
		{62089AC9-7142-4524-95D0-D9C274FFFAC4}.Debug|Win32.ActiveCfg = Debug|Win32
		{62089AC9-7142-4524-95D0-D9C274FFFAC4}.Debug|Win32.Build.0 = Debug|Win32
		{62089AC9-7142-4524-95D0-D9C274FFFAC4}.Release|Win32.ActiveCfg = Release|Win32
		{62089AC9-7142-4524-95D0-D9C274FFFAC4}.Release|Win32.Build.0 = Release|Win32
	EndGlobalSection
	GlobalSection(SolutionProperties) = preSolution
		HideSolutionNode = FALSE
	EndGlobalSection
EndGlobal
